PODS:
  - Alamofire (4.5.1)
  - CocoaLumberjack (3.3.0):
    - CocoaLumberjack/Default (= 3.3.0)
    - CocoaLumberjack/Extensions (= 3.3.0)
  - CocoaLumberjack/Default (3.3.0)
  - CocoaLumberjack/Extensions (3.3.0):
    - CocoaLumberjack/Default
  - Crashlytics (3.9.3):
    - Fabric (~> 1.7.2)
  - Fabric (1.7.2)
  - ReactiveSwift (3.1.0):
    - Result (~> 3.2)
  - Result (3.2.4)
  - SnapKit (4.0.0)
  - SwiftyJSON (3.1.4)
  - YYAsyncLayer (1.0)

DEPENDENCIES:
  - Alamofire
  - CocoaLumberjack
  - Crashlytics
  - Fabric
  - ReactiveSwift (~> 3.0)
  - SnapKit
  - SwiftyJSON
  - YYAsyncLayer

SPEC CHECKSUMS:
  Alamofire: 2d95912bf4c34f164fdfc335872e8c312acaea4a
  CocoaLumberjack: 3c8c74683302f9012bb168e1c4b7ae3c0b558431
  Crashlytics: dbb07d01876c171c5ccbdf7826410380189e452c
  Fabric: 9cd6a848efcf1b8b07497e0b6a2e7d336353ba15
  ReactiveSwift: 5b26d2e988fe0eed2daf48c4054d1de74db50184
  Result: d2d07204ce72856f1fd9130bbe42c35a7b0fea10
  SnapKit: a42d492c16e80209130a3379f73596c3454b7694
  SwiftyJSON: c2842d878f95482ffceec5709abc3d05680c0220
  YYAsyncLayer: df6b01ebc695c5f6b4c15dd5c23fa3e081eb25c0

PODFILE CHECKSUM: 5993a465364fd6aebb8f9d32c68d22d0a713b05d

COCOAPODS: 1.4.0.beta.1
